[clocks]
sha256 = "e52b48c854965405223e61fded08da1450cf1ee7a0e5e546433f5fb0df7e1aff"
sha512 = "62a781f27f60c9f882f878578ffc2c0c0ad92bbdbed8c727ec588ca345da348690f3165029efbec49e3c6b3e9b893d6102d31aae1d8119eb38222233afc9ce62"

[filesystem]
sha256 = "2bfd4a753f7b937c1c32d40c785a2a43414fe3ba062be4b6c6264e07efd8e0d9"
sha512 = "4c1f68f9b57bb9fc0564062ae848fdecfba1b33116d03fb17014a23e9fb5ed3f0a1ceaf853397216d40288079c835d11c7f7a9830656da2812cdbddf87247dc5"

[http]
sha256 = "d54b29346e215eb6eb6f77cb3acdffc7df1c003a544fc774b95a44c907722be2"
sha512 = "dc7a81a51affb5b80b820aec0c1ef15aa12c5b717e68c5fa55ad01b7e5968364eb73b311f35e6d60ca4510025d8fe034a3f50809e5434da711237348d5909675"

[io]
sha256 = "2697304d84a9226a2fa631eef52a16e3e79c088134063bbb18ad89dbb0a7f91b"
sha512 = "b6e5017565ff9d90aa2e083e792968c5e3e1be01f57e0f01db45de7a4a596c6c882892384cfdeb2f44be9388f5ec3491c154fa81153e7718baaf5527f587f9fd"

[logging]
sha256 = "0b0b6431bc31d0a8329bc8b837b1a58769d1cbd725f4f773e7cd1a1384363cd0"
sha512 = "e9fe0d22ff6fe23499edd08e57438ad0b99fedc4c6587920e150439205c9413a32882fa88db9025bbdf7783227f8c962bd7f6733e3eb5b3b3d219d1c431cdc9d"

[poll]
sha256 = "5e9aec42376a4f4d3608589571815809db61f27b921806b4d7ee75665346a807"
sha512 = "32872902a5f508821c6251da1b902c1aa8ca0e579e3d5047a12c5d22ec5d9eddb1debe7aa9f4f1cd2d61b5e1754839661e5698e19ae7b3e67e3bb4ee65f1affd"

[preview]
path = "../../wasi/wit"
sha256 = "48613d79e15ab5c6381afa015680c5242334409d1bef8818c24cd9039a65e7f0"
sha512 = "fbd8d0bef8cde89175b6bd625dc85c48e1b6235d6eadf4d6fb48ea78efba700da735a4706d1d7ee40cb5d7231d73274f922a82cbc6ab499c600e0f36e18443e2"
deps = ["clocks", "filesystem", "http", "io", "logging", "poll", "random", "sockets", "wasi-cli-base"]

[random]
sha256 = "680dd2237ff2c64f587934181f073cce288fa4d43f344461caa5856b6142897e"
sha512 = "9bdce7f77b8681b851c1faf9a7b8853f08c457b09d4415b0391a15eecf61b71115e0372fe7a011e97fcd8aa9c855c3527ed2d229a3c9386c615fdb8603e3b3df"

[sockets]
sha256 = "914cc4800a8b1d9a0e2bad038cb681699159a253b2194f62bebf7af38e826342"
sha512 = "2bc700c4284e10fe670fb0b76df2986027b249d9658c2439044b29c7de48cbd184cd61239ac7cb9d9154b422e6cf43dc17443d1c1b12bfa3011663ad8822a10a"

[wasi-cli-base]
sha256 = "83e4fc329def6413e502556db8539114e662a7336369ed5365259af4c2663a16"
sha512 = "df8db2cc15e70f6a6305b3eb83649999b54fc83231b01b25cede3e05a6482d7d7b271b35f0d9bbb7478a3c16764106c7d5a4651e7cfaed62b6af5501d8a80725"
